
Microsoft Visual Studio Solution File, Format Version 12.00
# Visual Studio 2017
Project("{FAE04EC0-301F-11D3-BF4B-00C04F79EFBC}") = "CreateScript", "CreateScript.csproj", "{1FAECCD0-B90B-5120-9A33-DFD1C8CD62DB}"
EndProject
Project("{FAE04EC0-301F-11D3-BF4B-00C04F79EFBC}") = "CreateScript.Editor", "CreateScript.Editor.csproj", "{7B373965-5341-064E-34AF-361FDEDD7420}"
EndProject
Global
	GlobalSection(SolutionConfigurationPlatforms) = preSolution
		Debug|Any CPU = Debug|Any CPU
		Release|Any CPU = Release|Any CPU
	EndGlobalSection
	GlobalSection(ProjectConfigurationPlatforms) = postSolution
		{1FAECCD0-B90B-5120-9A33-DFD1C8CD62DB}.Debug|Any CPU.ActiveCfg = Debug|Any CPU
		{1FAECCD0-B90B-5120-9A33-DFD1C8CD62DB}.Debug|Any CPU.Build.0 = Debug|Any CPU
		{1FAECCD0-B90B-5120-9A33-DFD1C8CD62DB}.Release|Any CPU.ActiveCfg = Release|Any CPU
		{1FAECCD0-B90B-5120-9A33-DFD1C8CD62DB}.Release|Any CPU.Build.0 = Release|Any CPU
		{7B373965-5341-064E-34AF-361FDEDD7420}.Debug|Any CPU.ActiveCfg = Debug|Any CPU
		{7B373965-5341-064E-34AF-361FDEDD7420}.Debug|Any CPU.Build.0 = Debug|Any CPU
		{7B373965-5341-064E-34AF-361FDEDD7420}.Release|Any CPU.ActiveCfg = Release|Any CPU
		{7B373965-5341-064E-34AF-361FDEDD7420}.Release|Any CPU.Build.0 = Release|Any CPU
	EndGlobalSection
	GlobalSection(SolutionProperties) = preSolution
		HideSolutionNode = FALSE
	EndGlobalSection
EndGlobal
